
Microsoft Visual Studio Solution File, Format Version 12.00
# Visual Studio Version 17
VisualStudioVersion = 17.9.34728.123
MinimumVisualStudioVersion = 10.0.40219.1
Project("{9A19103F-16F7-4668-BE54-9A1E7A4F7556}") = "MauiApp", "MauiApp24\MauiApp.csproj", "{B06B3D63-D602-4A21-9A40-5E7E64910292}"
	ProjectSection(ProjectDependencies) = postProject
		{9F0B6C8D-1DAC-45EF-A306-D9F28D654684} = {9F0B6C8D-1DAC-45EF-A306-D9F28D654684}
	EndProjectSection
EndProject
Project("{9A19103F-16F7-4668-BE54-9A1E7A4F7556}") = "Parsers", "Parsers\Parsers.csproj", "{2DD97A06-9625-4B51-80E0-4F6D93E70C40}"
EndProject
Project("{FAE04EC0-301F-11D3-BF4B-00C04F79EFBC}") = "Saver", "Saver\Saver.csproj", "{9F0B6C8D-1DAC-45EF-A306-D9F28D654684}"
	ProjectSection(ProjectDependencies) = postProject
		{2DD97A06-9625-4B51-80E0-4F6D93E70C40} = {2DD97A06-9625-4B51-80E0-4F6D93E70C40}
	EndProjectSection
EndProject
Project("{FAE04EC0-301F-11D3-BF4B-00C04F79EFBC}") = "LogLibrary", "LogLibrary\LogLibrary.csproj", "{28B784F3-18C8-4926-9943-58F0AEECEB5F}"
EndProject
Global
	GlobalSection(SolutionConfigurationPlatforms) = preSolution
		Debug|Any CPU = Debug|Any CPU
		Debug|x64 = Debug|x64
		Release|Any CPU = Release|Any CPU
		Release|x64 = Release|x64
	EndGlobalSection
	GlobalSection(ProjectConfigurationPlatforms) = postSolution
		{B06B3D63-D602-4A21-9A40-5E7E64910292}.Debug|Any CPU.ActiveCfg = Debug|Any CPU
		{B06B3D63-D602-4A21-9A40-5E7E64910292}.Debug|Any CPU.Build.0 = Debug|Any CPU
		{B06B3D63-D602-4A21-9A40-5E7E64910292}.Debug|Any CPU.Deploy.0 = Debug|Any CPU
		{B06B3D63-D602-4A21-9A40-5E7E64910292}.Debug|x64.ActiveCfg = Debug|x64
		{B06B3D63-D602-4A21-9A40-5E7E64910292}.Debug|x64.Build.0 = Debug|x64
		{B06B3D63-D602-4A21-9A40-5E7E64910292}.Debug|x64.Deploy.0 = Debug|x64
		{B06B3D63-D602-4A21-9A40-5E7E64910292}.Release|Any CPU.ActiveCfg = Release|Any CPU
		{B06B3D63-D602-4A21-9A40-5E7E64910292}.Release|Any CPU.Build.0 = Release|Any CPU
		{B06B3D63-D602-4A21-9A40-5E7E64910292}.Release|Any CPU.Deploy.0 = Release|Any CPU
		{B06B3D63-D602-4A21-9A40-5E7E64910292}.Release|x64.ActiveCfg = Release|x64
		{B06B3D63-D602-4A21-9A40-5E7E64910292}.Release|x64.Build.0 = Release|x64
		{B06B3D63-D602-4A21-9A40-5E7E64910292}.Release|x64.Deploy.0 = Release|x64
		{2DD97A06-9625-4B51-80E0-4F6D93E70C40}.Debug|Any CPU.ActiveCfg = Debug|Any CPU
		{2DD97A06-9625-4B51-80E0-4F6D93E70C40}.Debug|Any CPU.Build.0 = Debug|Any CPU
		{2DD97A06-9625-4B51-80E0-4F6D93E70C40}.Debug|x64.ActiveCfg = Debug|x64
		{2DD97A06-9625-4B51-80E0-4F6D93E70C40}.Debug|x64.Build.0 = Debug|x64
		{2DD97A06-9625-4B51-80E0-4F6D93E70C40}.Release|Any CPU.ActiveCfg = Release|Any CPU
		{2DD97A06-9625-4B51-80E0-4F6D93E70C40}.Release|Any CPU.Build.0 = Release|Any CPU
		{2DD97A06-9625-4B51-80E0-4F6D93E70C40}.Release|x64.ActiveCfg = Release|x64
		{2DD97A06-9625-4B51-80E0-4F6D93E70C40}.Release|x64.Build.0 = Release|x64
		{9F0B6C8D-1DAC-45EF-A306-D9F28D654684}.Debug|Any CPU.ActiveCfg = Debug|Any CPU
		{9F0B6C8D-1DAC-45EF-A306-D9F28D654684}.Debug|Any CPU.Build.0 = Debug|Any CPU
		{9F0B6C8D-1DAC-45EF-A306-D9F28D654684}.Debug|x64.ActiveCfg = Debug|x64
		{9F0B6C8D-1DAC-45EF-A306-D9F28D654684}.Debug|x64.Build.0 = Debug|x64
		{9F0B6C8D-1DAC-45EF-A306-D9F28D654684}.Release|Any CPU.ActiveCfg = Release|Any CPU
		{9F0B6C8D-1DAC-45EF-A306-D9F28D654684}.Release|Any CPU.Build.0 = Release|Any CPU
		{9F0B6C8D-1DAC-45EF-A306-D9F28D654684}.Release|x64.ActiveCfg = Release|x64
		{9F0B6C8D-1DAC-45EF-A306-D9F28D654684}.Release|x64.Build.0 = Release|x64
		{28B784F3-18C8-4926-9943-58F0AEECEB5F}.Debug|Any CPU.ActiveCfg = Debug|Any CPU
		{28B784F3-18C8-4926-9943-58F0AEECEB5F}.Debug|Any CPU.Build.0 = Debug|Any CPU
		{28B784F3-18C8-4926-9943-58F0AEECEB5F}.Debug|x64.ActiveCfg = Debug|x64
		{28B784F3-18C8-4926-9943-58F0AEECEB5F}.Debug|x64.Build.0 = Debug|x64
		{28B784F3-18C8-4926-9943-58F0AEECEB5F}.Release|Any CPU.ActiveCfg = Release|Any CPU
		{28B784F3-18C8-4926-9943-58F0AEECEB5F}.Release|Any CPU.Build.0 = Release|Any CPU
		{28B784F3-18C8-4926-9943-58F0AEECEB5F}.Release|x64.ActiveCfg = Release|x64
		{28B784F3-18C8-4926-9943-58F0AEECEB5F}.Release|x64.Build.0 = Release|x64
	EndGlobalSection
	GlobalSection(SolutionProperties) = preSolution
		HideSolutionNode = FALSE
	EndGlobalSection
	GlobalSection(ExtensibilityGlobals) = postSolution
		SolutionGuid = {EE56FA25-C754-4D97-B10D-0A32F689FD26}
	EndGlobalSection
EndGlobal
